
Microsoft Visual Studio Solution File, Format Version 12.00
# Visual Studio Version 17
VisualStudioVersion = 17.3.32811.315
MinimumVisualStudioVersion = 10.0.40219.1
Project("{FAE04EC0-301F-11D3-BF4B-00C04F79EFBC}") = "FactoryPattern", "FactoryPattern\FactoryPattern.csproj", "{B7CD026F-A187-446F-8B98-09ED84761F86}"
EndProject
Global
	GlobalSection(SolutionConfigurationPlatforms) = preSolution
		Debug|Any CPU = Debug|Any CPU
		Release|Any CPU = Release|Any CPU
	EndGlobalSection
	GlobalSection(ProjectConfigurationPlatforms) = postSolution
		{B7CD026F-A187-446F-8B98-09ED84761F86}.Debug|Any CPU.ActiveCfg = Debug|Any CPU
		{B7CD026F-A187-446F-8B98-09ED84761F86}.Debug|Any CPU.Build.0 = Debug|Any CPU
		{B7CD026F-A187-446F-8B98-09ED84761F86}.Release|Any CPU.ActiveCfg = Release|Any CPU
		{B7CD026F-A187-446F-8B98-09ED84761F86}.Release|Any CPU.Build.0 = Release|Any CPU
	EndGlobalSection
	GlobalSection(SolutionProperties) = preSolution
		HideSolutionNode = FALSE
	EndGlobalSection
	GlobalSection(ExtensibilityGlobals) = postSolution
		SolutionGuid = {615495D9-7B5B-4C8F-A246-496C95A69C22}
	EndGlobalSection
EndGlobal
